// !$*UTF8*$!
{
	archiveVersion = 1;
	classes = {
	};
	objectVersion = 46;
	objects = {

/* Begin PBXBuildFile section */
		22370A3235C5E221BF57104F /* Pods_SAIssueTrackerTests.framework in Frameworks */ = {isa = PBXBuildFile; fileRef = ACCAEFA7F4B1508D5A030827 /* Pods_SAIssueTrackerTests.framework */; };
		5216E1A5CAE4164232D69CF8 /* Pods_SAIssueTracker.framework in Frameworks */ = {isa = PBXBuildFile; fileRef = DB99A0D7E2C441A5A80370B3 /* Pods_SAIssueTracker.framework */; };
		C18FB3561F139F84007680AE /* CHelperMethods.c in Sources */ = {isa = PBXBuildFile; fileRef = C18FB3541F139F84007680AE /* CHelperMethods.c */; };
		C19075DE1F13CA8300AEADD1 /* IssueSender.swift in Sources */ = {isa = PBXBuildFile; fileRef = C19075DD1F13CA8300AEADD1 /* IssueSender.swift */; };
		C19075E01F13CB1100AEADD1 /* IssueMailer.swift in Sources */ = {isa = PBXBuildFile; fileRef = C19075DF1F13CB1100AEADD1 /* IssueMailer.swift */; };
		C1C476CF1F1117040005A412 /* AppDelegate.swift in Sources */ = {isa = PBXBuildFile; fileRef = C1C476CE1F1117040005A412 /* AppDelegate.swift */; };
		C1C476D11F1117040005A412 /* ViewController.swift in Sources */ = {isa = PBXBuildFile; fileRef = C1C476D01F1117040005A412 /* ViewController.swift */; };
		C1C476D61F1117040005A412 /* Assets.xcassets in Resources */ = {isa = PBXBuildFile; fileRef = C1C476D51F1117040005A412 /* Assets.xcassets */; };
		C1C476D91F1117040005A412 /* LaunchScreen.storyboard in Resources */ = {isa = PBXBuildFile; fileRef = C1C476D71F1117040005A412 /* LaunchScreen.storyboard */; };
		C1C476E41F1117050005A412 /* SAIssueTrackerTests.swift in Sources */ = {isa = PBXBuildFile; fileRef = C1C476E31F1117050005A412 /* SAIssueTrackerTests.swift */; };
		C1C476F01F111DBC0005A412 /* SAIssueTracker.swift in Sources */ = {isa = PBXBuildFile; fileRef = C1C476EF1F111DBC0005A412 /* SAIssueTracker.swift */; };
/* End PBXBuildFile section */

/* Begin PBXContainerItemProxy section */
		C1C476E01F1117050005A412 /* PBXContainerItemProxy */ = {
			isa = PBXContainerItemProxy;
			containerPortal = C1C476C31F1117040005A412 /* Project object */;
			proxyType = 1;
			remoteGlobalIDString = C1C476CA1F1117040005A412;
			remoteInfo = SAIssueTracker;
		};
/* End PBXContainerItemProxy section */

/* Begin PBXFileReference section */
		07E18A9F7EB5F9671C9C07F4 /* Pods-SAIssueTrackerTests.debug.xcconfig */ = {isa = PBXFileReference; includeInIndex = 1; lastKnownFileType = text.xcconfig; name = "Pods-SAIssueTrackerTests.debug.xcconfig"; path = "Pods/Target Support Files/Pods-SAIssueTrackerTests/Pods-SAIssueTrackerTests.debug.xcconfig"; sourceTree = "<group>"; };
		49714F81D48911A47C884BB8 /* Pods-SAIssueTrackerTests.release.xcconfig */ = {isa = PBXFileReference; includeInIndex = 1; lastKnownFileType = text.xcconfig; name = "Pods-SAIssueTrackerTests.release.xcconfig"; path = "Pods/Target Support Files/Pods-SAIssueTrackerTests/Pods-SAIssueTrackerTests.release.xcconfig"; sourceTree = "<group>"; };
		8508077F0F22D3183A34467D /* Pods-SAIssueTracker.debug.xcconfig */ = {isa = PBXFileReference; includeInIndex = 1; lastKnownFileType = text.xcconfig; name = "Pods-SAIssueTracker.debug.xcconfig"; path = "Pods/Target Support Files/Pods-SAIssueTracker/Pods-SAIssueTracker.debug.xcconfig"; sourceTree = "<group>"; };
		ACCAEFA7F4B1508D5A030827 /* Pods_SAIssueTrackerTests.framework */ = {isa = PBXFileReference; explicitFileType = wrapper.framework; includeInIndex = 0; path = Pods_SAIssueTrackerTests.framework; sourceTree = BUILT_PRODUCTS_DIR; };
		B645C371DCB1D5D1220C83C3 /* Pods-SAIssueTracker.release.xcconfig */ = {isa = PBXFileReference; includeInIndex = 1; lastKnownFileType = text.xcconfig; name = "Pods-SAIssueTracker.release.xcconfig"; path = "Pods/Target Support Files/Pods-SAIssueTracker/Pods-SAIssueTracker.release.xcconfig"; sourceTree = "<group>"; };
		C18FB3531F139F83007680AE /* SAIssueTracker-Bridging-Header.h */ = {isa = PBXFileReference; lastKnownFileType = sourcecode.c.h; path = "SAIssueTracker-Bridging-Header.h"; sourceTree = "<group>"; };
		C18FB3541F139F84007680AE /* CHelperMethods.c */ = {isa = PBXFileReference; fileEncoding = 4; lastKnownFileType = sourcecode.c.c; path = CHelperMethods.c; sourceTree = "<group>"; };
		C19075DD1F13CA8300AEADD1 /* IssueSender.swift */ = {isa = PBXFileReference; fileEncoding = 4; lastKnownFileType = sourcecode.swift; path = IssueSender.swift; sourceTree = "<group>"; };
		C19075DF1F13CB1100AEADD1 /* IssueMailer.swift */ = {isa = PBXFileReference; fileEncoding = 4; lastKnownFileType = sourcecode.swift; path = IssueMailer.swift; sourceTree = "<group>"; };
		C198C0151F14B712007FBCA5 /* CHelperMethods.h */ = {isa = PBXFileReference; fileEncoding = 4; lastKnownFileType = sourcecode.c.h; path = CHelperMethods.h; sourceTree = "<group>"; };
		C1C476CB1F1117040005A412 /* SAIssueTracker.app */ = {isa = PBXFileReference; explicitFileType = wrapper.application; includeInIndex = 0; path = SAIssueTracker.app; sourceTree = BUILT_PRODUCTS_DIR; };
		C1C476CE1F1117040005A412 /* AppDelegate.swift */ = {isa = PBXFileReference; lastKnownFileType = sourcecode.swift; path = AppDelegate.swift; sourceTree = "<group>"; };
		C1C476D01F1117040005A412 /* ViewController.swift */ = {isa = PBXFileReference; lastKnownFileType = sourcecode.swift; path = ViewController.swift; sourceTree = "<group>"; };
		C1C476D51F1117040005A412 /* Assets.xcassets */ = {isa = PBXFileReference; lastKnownFileType = folder.assetcatalog; path = Assets.xcassets; sourceTree = "<group>"; };
		C1C476D81F1117040005A412 /* Base */ = {isa = PBXFileReference; lastKnownFileType = file.storyboard; name = Base; path = Base.lproj/LaunchScreen.storyboard; sourceTree = "<group>"; };
		C1C476DA1F1117040005A412 /* Info.plist */ = {isa = PBXFileReference; lastKnownFileType = text.plist.xml; path = Info.plist; sourceTree = "<group>"; };
		C1C476DF1F1117050005A412 /* SAIssueTrackerTests.xctest */ = {isa = PBXFileReference; explicitFileType = wrapper.cfbundle; includeInIndex = 0; path = SAIssueTrackerTests.xctest; sourceTree = BUILT_PRODUCTS_DIR; };
		C1C476E31F1117050005A412 /* SAIssueTrackerTests.swift */ = {isa = PBXFileReference; lastKnownFileType = sourcecode.swift; path = SAIssueTrackerTests.swift; sourceTree = "<group>"; };
		C1C476E51F1117050005A412 /* Info.plist */ = {isa = PBXFileReference; lastKnownFileType = text.plist.xml; path = Info.plist; sourceTree = "<group>"; };
		C1C476EF1F111DBC0005A412 /* SAIssueTracker.swift */ = {isa = PBXFileReference; fileEncoding = 4; lastKnownFileType = sourcecode.swift; path = SAIssueTracker.swift; sourceTree = "<group>"; };
		DB99A0D7E2C441A5A80370B3 /* Pods_SAIssueTracker.framework */ = {isa = PBXFileReference; explicitFileType = wrapper.framework; includeInIndex = 0; path = Pods_SAIssueTracker.framework; sourceTree = BUILT_PRODUCTS_DIR; };
/* End PBXFileReference section */

/* Begin PBXFrameworksBuildPhase section */
		C1C476C81F1117040005A412 /* Frameworks */ = {
			isa = PBXFrameworksBuildPhase;
			buildActionMask = 2147483647;
			files = (
				5216E1A5CAE4164232D69CF8 /* Pods_SAIssueTracker.framework in Frameworks */,
			);
			runOnlyForDeploymentPostprocessing = 0;
		};
		C1C476DC1F1117050005A412 /* Frameworks */ = {
			isa = PBXFrameworksBuildPhase;
			buildActionMask = 2147483647;
			files = (
				22370A3235C5E221BF57104F /* Pods_SAIssueTrackerTests.framework in Frameworks */,
			);
			runOnlyForDeploymentPostprocessing = 0;
		};
/* End PBXFrameworksBuildPhase section */

/* Begin PBXGroup section */
		65F09B4DA19DF6297CDE13FE /* Pods */ = {
			isa = PBXGroup;
			children = (
				8508077F0F22D3183A34467D /* Pods-SAIssueTracker.debug.xcconfig */,
				B645C371DCB1D5D1220C83C3 /* Pods-SAIssueTracker.release.xcconfig */,
				07E18A9F7EB5F9671C9C07F4 /* Pods-SAIssueTrackerTests.debug.xcconfig */,
				49714F81D48911A47C884BB8 /* Pods-SAIssueTrackerTests.release.xcconfig */,
			);
			name = Pods;
			sourceTree = "<group>";
		};
		C1C476C21F1117040005A412 = {
			isa = PBXGroup;
			children = (
				C1C476EE1F1118200005A412 /* Classes */,
				C1C476CD1F1117040005A412 /* SAIssueTracker */,
				C1C476E21F1117050005A412 /* SAIssueTrackerTests */,
				C1C476CC1F1117040005A412 /* Products */,
				65F09B4DA19DF6297CDE13FE /* Pods */,
				EA384705EBD714119EC6A8DC /* Frameworks */,
			);
			sourceTree = "<group>";
		};
		C1C476CC1F1117040005A412 /* Products */ = {
			isa = PBXGroup;
			children = (
				C1C476CB1F1117040005A412 /* SAIssueTracker.app */,
				C1C476DF1F1117050005A412 /* SAIssueTrackerTests.xctest */,
			);
			name = Products;
			sourceTree = "<group>";
		};
		C1C476CD1F1117040005A412 /* SAIssueTracker */ = {
			isa = PBXGroup;
			children = (
				C1C476CE1F1117040005A412 /* AppDelegate.swift */,
				C1C476D01F1117040005A412 /* ViewController.swift */,
				C1C476D51F1117040005A412 /* Assets.xcassets */,
				C1C476D71F1117040005A412 /* LaunchScreen.storyboard */,
				C1C476DA1F1117040005A412 /* Info.plist */,
			);
			path = SAIssueTracker;
			sourceTree = "<group>";
		};
		C1C476E21F1117050005A412 /* SAIssueTrackerTests */ = {
			isa = PBXGroup;
			children = (
				C1C476E31F1117050005A412 /* SAIssueTrackerTests.swift */,
				C1C476E51F1117050005A412 /* Info.plist */,
			);
			path = SAIssueTrackerTests;
			sourceTree = "<group>";
		};
		C1C476EE1F1118200005A412 /* Classes */ = {
			isa = PBXGroup;
			children = (
				C1C476EF1F111DBC0005A412 /* SAIssueTracker.swift */,
				C19075DD1F13CA8300AEADD1 /* IssueSender.swift */,
				C19075DF1F13CB1100AEADD1 /* IssueMailer.swift */,
				C198C0151F14B712007FBCA5 /* CHelperMethods.h */,
				C18FB3541F139F84007680AE /* CHelperMethods.c */,
				C18FB3531F139F83007680AE /* SAIssueTracker-Bridging-Header.h */,
			);
			path = Classes;
			sourceTree = "<group>";
		};
		EA384705EBD714119EC6A8DC /* Frameworks */ = {
			isa = PBXGroup;
			children = (
				DB99A0D7E2C441A5A80370B3 /* Pods_SAIssueTracker.framework */,
				ACCAEFA7F4B1508D5A030827 /* Pods_SAIssueTrackerTests.framework */,
			);
			name = Frameworks;
			sourceTree = "<group>";
		};
/* End PBXGroup section */

/* Begin PBXNativeTarget section */
		C1C476CA1F1117040005A412 /* SAIssueTracker */ = {
			isa = PBXNativeTarget;
			buildConfigurationList = C1C476E81F1117050005A412 /* Build configuration list for PBXNativeTarget "SAIssueTracker" */;
			buildPhases = (
				C3FC33CD6887B4C9B317D8FF /* [CP] Check Pods Manifest.lock */,
				C1C476C71F1117040005A412 /* Sources */,
				C1C476C81F1117040005A412 /* Frameworks */,
				C1C476C91F1117040005A412 /* Resources */,
				25F272D4567E5B70F2C338EF /* [CP] Embed Pods Frameworks */,
				FA17243E7E924D7D9901B2A1 /* [CP] Copy Pods Resources */,
			);
			buildRules = (
			);
			dependencies = (
			);
			name = SAIssueTracker;
			productName = SAIssueTracker;
			productReference = C1C476CB1F1117040005A412 /* SAIssueTracker.app */;
			productType = "com.apple.product-type.application";
		};
		C1C476DE1F1117050005A412 /* SAIssueTrackerTests */ = {
			isa = PBXNativeTarget;
			buildConfigurationList = C1C476EB1F1117050005A412 /* Build configuration list for PBXNativeTarget "SAIssueTrackerTests" */;
			buildPhases = (
				A3D4DB4D6EB9943D51AE0DDE /* [CP] Check Pods Manifest.lock */,
				C1C476DB1F1117050005A412 /* Sources */,
				C1C476DC1F1117050005A412 /* Frameworks */,
				C1C476DD1F1117050005A412 /* Resources */,
				3DD2F95C72442A20F5A0287B /* [CP] Embed Pods Frameworks */,
				36FDD05A0638ABA8C2BCB4C2 /* [CP] Copy Pods Resources */,
			);
			buildRules = (
			);
			dependencies = (
				C1C476E11F1117050005A412 /* PBXTargetDependency */,
			);
			name = SAIssueTrackerTests;
			productName = SAIssueTrackerTests;
			productReference = C1C476DF1F1117050005A412 /* SAIssueTrackerTests.xctest */;
			productType = "com.apple.product-type.bundle.unit-test";
		};
/* End PBXNativeTarget section */

/* Begin PBXProject section */
		C1C476C31F1117040005A412 /* Project object */ = {
			isa = PBXProject;
			attributes = {
				LastSwiftUpdateCheck = 0830;
				LastUpgradeCheck = 0830;
				ORGANIZATIONNAME = "Sandeep Aggarwal";
				TargetAttributes = {
					C1C476CA1F1117040005A412 = {
						CreatedOnToolsVersion = 8.3.3;
						DevelopmentTeam = 2E3PK56V7J;
						LastSwiftMigration = 0830;
						ProvisioningStyle = Automatic;
					};
					C1C476DE1F1117050005A412 = {
						CreatedOnToolsVersion = 8.3.3;
						DevelopmentTeam = L4XJFYDD5W;
						ProvisioningStyle = Automatic;
						TestTargetID = C1C476CA1F1117040005A412;
					};
				};
			};
			buildConfigurationList = C1C476C61F1117040005A412 /* Build configuration list for PBXProject "SAIssueTracker" */;
			compatibilityVersion = "Xcode 3.2";
			developmentRegion = English;
			hasScannedForEncodings = 0;
			knownRegions = (
				en,
				Base,
			);
			mainGroup = C1C476C21F1117040005A412;
			productRefGroup = C1C476CC1F1117040005A412 /* Products */;
			projectDirPath = "";
			projectRoot = "";
			targets = (
				C1C476CA1F1117040005A412 /* SAIssueTracker */,
				C1C476DE1F1117050005A412 /* SAIssueTrackerTests */,
			);
		};
/* End PBXProject section */

/* Begin PBXResourcesBuildPhase section */
		C1C476C91F1117040005A412 /* Resources */ = {
			isa = PBXResourcesBuildPhase;
			buildActionMask = 2147483647;
			files = (
				C1C476D91F1117040005A412 /* LaunchScreen.storyboard in Resources */,
				C1C476D61F1117040005A412 /* Assets.xcassets in Resources */,
			);
			runOnlyForDeploymentPostprocessing = 0;
		};
		C1C476DD1F1117050005A412 /* Resources */ = {
			isa = PBXResourcesBuildPhase;
			buildActionMask = 2147483647;
			files = (
			);
			runOnlyForDeploymentPostprocessing = 0;
		};
/* End PBXResourcesBuildPhase section */

/* Begin PBXShellScriptBuildPhase section */
		25F272D4567E5B70F2C338EF /* [CP] Embed Pods Frameworks */ = {
			isa = PBXShellScriptBuildPhase;
			buildActionMask = 2147483647;
			files = (
			);
			inputPaths = (
			);
			name = "[CP] Embed Pods Frameworks";
			outputPaths = (
			);
			runOnlyForDeploymentPostprocessing = 0;
			shellPath = /bin/sh;
			shellScript = "\"${SRCROOT}/Pods/Target Support Files/Pods-SAIssueTracker/Pods-SAIssueTracker-frameworks.sh\"\n";
			showEnvVarsInLog = 0;
		};
		36FDD05A0638ABA8C2BCB4C2 /* [CP] Copy Pods Resources */ = {
			isa = PBXShellScriptBuildPhase;
			buildActionMask = 2147483647;
			files = (
			);
			inputPaths = (
			);
			name = "[CP] Copy Pods Resources";
			outputPaths = (
			);
			runOnlyForDeploymentPostprocessing = 0;
			shellPath = /bin/sh;
			shellScript = "\"${SRCROOT}/Pods/Target Support Files/Pods-SAIssueTrackerTests/Pods-SAIssueTrackerTests-resources.sh\"\n";
			showEnvVarsInLog = 0;
		};
		3DD2F95C72442A20F5A0287B /* [CP] Embed Pods Frameworks */ = {
			isa = PBXShellScriptBuildPhase;
			buildActionMask = 2147483647;
			files = (
			);
			inputPaths = (
			);
			name = "[CP] Embed Pods Frameworks";
			outputPaths = (
			);
			runOnlyForDeploymentPostprocessing = 0;
			shellPath = /bin/sh;
			shellScript = "\"${SRCROOT}/Pods/Target Support Files/Pods-SAIssueTrackerTests/Pods-SAIssueTrackerTests-frameworks.sh\"\n";
			showEnvVarsInLog = 0;
		};
		A3D4DB4D6EB9943D51AE0DDE /* [CP] Check Pods Manifest.lock */ = {
			isa = PBXShellScriptBuildPhase;
			buildActionMask = 2147483647;
			files = (
			);
			inputPaths = (
			);
			name = "[CP] Check Pods Manifest.lock";
			outputPaths = (
			);
			runOnlyForDeploymentPostprocessing = 0;
			shellPath = /bin/sh;
			shellScript = "diff \"${PODS_ROOT}/../Podfile.lock\" \"${PODS_ROOT}/Manifest.lock\" > /dev/null\nif [ $? != 0 ] ; then\n    # print error to STDERR\n    echo \"error: The sandbox is not in sync with the Podfile.lock. Run 'pod install' or update your CocoaPods installation.\" >&2\n    exit 1\nfi\n";
			showEnvVarsInLog = 0;
		};
		C3FC33CD6887B4C9B317D8FF /* [CP] Check Pods Manifest.lock */ = {
			isa = PBXShellScriptBuildPhase;
			buildActionMask = 2147483647;
			files = (
			);
			inputPaths = (
			);
			name = "[CP] Check Pods Manifest.lock";
			outputPaths = (
			);
			runOnlyForDeploymentPostprocessing = 0;
			shellPath = /bin/sh;
			shellScript = "diff \"${PODS_ROOT}/../Podfile.lock\" \"${PODS_ROOT}/Manifest.lock\" > /dev/null\nif [ $? != 0 ] ; then\n    # print error to STDERR\n    echo \"error: The sandbox is not in sync with the Podfile.lock. Run 'pod install' or update your CocoaPods installation.\" >&2\n    exit 1\nfi\n";
			showEnvVarsInLog = 0;
		};
		FA17243E7E924D7D9901B2A1 /* [CP] Copy Pods Resources */ = {
			isa = PBXShellScriptBuildPhase;
			buildActionMask = 2147483647;
			files = (
			);
			inputPaths = (
			);
			name = "[CP] Copy Pods Resources";
			outputPaths = (
			);
			runOnlyForDeploymentPostprocessing = 0;
			shellPath = /bin/sh;
			shellScript = "\"${SRCROOT}/Pods/Target Support Files/Pods-SAIssueTracker/Pods-SAIssueTracker-resources.sh\"\n";
			showEnvVarsInLog = 0;
		};
/* End PBXShellScriptBuildPhase section */

/* Begin PBXSourcesBuildPhase section */
		C1C476C71F1117040005A412 /* Sources */ = {
			isa = PBXSourcesBuildPhase;
			buildActionMask = 2147483647;
			files = (
				C18FB3561F139F84007680AE /* CHelperMethods.c in Sources */,
				C1C476F01F111DBC0005A412 /* SAIssueTracker.swift in Sources */,
				C19075DE1F13CA8300AEADD1 /* IssueSender.swift in Sources */,
				C1C476D11F1117040005A412 /* ViewController.swift in Sources */,
				C1C476CF1F1117040005A412 /* AppDelegate.swift in Sources */,
				C19075E01F13CB1100AEADD1 /* IssueMailer.swift in Sources */,
			);
			runOnlyForDeploymentPostprocessing = 0;
		};
		C1C476DB1F1117050005A412 /* Sources */ = {
			isa = PBXSourcesBuildPhase;
			buildActionMask = 2147483647;
			files = (
				C1C476E41F1117050005A412 /* SAIssueTrackerTests.swift in Sources */,
			);
			runOnlyForDeploymentPostprocessing = 0;
		};
/* End PBXSourcesBuildPhase section */

/* Begin PBXTargetDependency section */
		C1C476E11F1117050005A412 /* PBXTargetDependency */ = {
			isa = PBXTargetDependency;
			target = C1C476CA1F1117040005A412 /* SAIssueTracker */;
			targetProxy = C1C476E01F1117050005A412 /* PBXContainerItemProxy */;
		};
/* End PBXTargetDependency section */

/* Begin PBXVariantGroup section */
		C1C476D71F1117040005A412 /* LaunchScreen.storyboard */ = {
			isa = PBXVariantGroup;
			children = (
				C1C476D81F1117040005A412 /* Base */,
			);
			name = LaunchScreen.storyboard;
			sourceTree = "<group>";
		};
/* End PBXVariantGroup section */

/* Begin XCBuildConfiguration section */
		C1C476E61F1117050005A412 /* Debug */ = {
			isa = XCBuildConfiguration;
			buildSettings = {
				ALWAYS_SEARCH_USER_PATHS = NO;
				CLANG_ANALYZER_NONNULL = YES;
				CLANG_ANALYZER_NUMBER_OBJECT_CONVERSION = YES_AGGRESSIVE;
				CLANG_CXX_LANGUAGE_STANDARD = "gnu++0x";
				CLANG_CXX_LIBRARY = "libc++";
				CLANG_ENABLE_MODULES = YES;
				CLANG_ENABLE_OBJC_ARC = YES;
				CLANG_WARN_BOOL_CONVERSION = YES;
				CLANG_WARN_CONSTANT_CONVERSION = YES;
				CLANG_WARN_DIRECT_OBJC_ISA_USAGE = YES_ERROR;
				CLANG_WARN_DOCUMENTATION_COMMENTS = YES;
				CLANG_WARN_EMPTY_BODY = YES;
				CLANG_WARN_ENUM_CONVERSION = YES;
				CLANG_WARN_INFINITE_RECURSION = YES;
				CLANG_WARN_INT_CONVERSION = YES;
				CLANG_WARN_OBJC_ROOT_CLASS = YES_ERROR;
				CLANG_WARN_SUSPICIOUS_MOVE = YES;
				CLANG_WARN_UNREACHABLE_CODE = YES;
				CLANG_WARN__DUPLICATE_METHOD_MATCH = YES;
				"CODE_SIGN_IDENTITY[sdk=iphoneos*]" = "iPhone Developer";
				COPY_PHASE_STRIP = NO;
				DEBUG_INFORMATION_FORMAT = dwarf;
				ENABLE_STRICT_OBJC_MSGSEND = YES;
				ENABLE_TESTABILITY = YES;
				GCC_C_LANGUAGE_STANDARD = gnu99;
				GCC_DYNAMIC_NO_PIC = NO;
				GCC_NO_COMMON_BLOCKS = YES;
				GCC_OPTIMIZATION_LEVEL = 0;
				GCC_PREPROCESSOR_DEFINITIONS = (
					"DEBUG=1",
					"$(inherited)",
				);
				GCC_WARN_64_TO_32_BIT_CONVERSION = YES;
				GCC_WARN_ABOUT_RETURN_TYPE = YES_ERROR;
				GCC_WARN_UNDECLARED_SELECTOR = YES;
				GCC_WARN_UNINITIALIZED_AUTOS = YES_AGGRESSIVE;
				GCC_WARN_UNUSED_FUNCTION = YES;
				GCC_WARN_UNUSED_VARIABLE = YES;
				IPHONEOS_DEPLOYMENT_TARGET = 10.3;
				MTL_ENABLE_DEBUG_INFO = YES;
				ONLY_ACTIVE_ARCH = YES;
				SDKROOT = iphoneos;
				SWIFT_ACTIVE_COMPILATION_CONDITIONS = DEBUG;
				SWIFT_OPTIMIZATION_LEVEL = "-Onone";
			};
			name = Debug;
		};
		C1C476E71F1117050005A412 /* Release */ = {
			isa = XCBuildConfiguration;
			buildSettings = {
				ALWAYS_SEARCH_USER_PATHS = NO;
				CLANG_ANALYZER_NONNULL = YES;
				CLANG_ANALYZER_NUMBER_OBJECT_CONVERSION = YES_AGGRESSIVE;
				CLANG_CXX_LANGUAGE_STANDARD = "gnu++0x";
				CLANG_CXX_LIBRARY = "libc++";
				CLANG_ENABLE_MODULES = YES;
				CLANG_ENABLE_OBJC_ARC = YES;
				CLANG_WARN_BOOL_CONVERSION = YES;
				CLANG_WARN_CONSTANT_CONVERSION = YES;
				CLANG_WARN_DIRECT_OBJC_ISA_USAGE = YES_ERROR;
				CLANG_WARN_DOCUMENTATION_COMMENTS = YES;
				CLANG_WARN_EMPTY_BODY = YES;
				CLANG_WARN_ENUM_CONVERSION = YES;
				CLANG_WARN_INFINITE_RECURSION = YES;
				CLANG_WARN_INT_CONVERSION = YES;
				CLANG_WARN_OBJC_ROOT_CLASS = YES_ERROR;
				CLANG_WARN_SUSPICIOUS_MOVE = YES;
				CLANG_WARN_UNREACHABLE_CODE = YES;
				CLANG_WARN__DUPLICATE_METHOD_MATCH = YES;
				"CODE_SIGN_IDENTITY[sdk=iphoneos*]" = "iPhone Developer";
				COPY_PHASE_STRIP = NO;
				DEBUG_INFORMATION_FORMAT = "dwarf-with-dsym";
				ENABLE_NS_ASSERTIONS = NO;
				ENABLE_STRICT_OBJC_MSGSEND = YES;
				GCC_C_LANGUAGE_STANDARD = gnu99;
				GCC_NO_COMMON_BLOCKS = YES;
				GCC_WARN_64_TO_32_BIT_CONVERSION = YES;
				GCC_WARN_ABOUT_RETURN_TYPE = YES_ERROR;
				GCC_WARN_UNDECLARED_SELECTOR = YES;
				GCC_WARN_UNINITIALIZED_AUTOS = YES_AGGRESSIVE;
				GCC_WARN_UNUSED_FUNCTION = YES;
				GCC_WARN_UNUSED_VARIABLE = YES;
				IPHONEOS_DEPLOYMENT_TARGET = 10.3;
				MTL_ENABLE_DEBUG_INFO = NO;
				SDKROOT = iphoneos;
				SWIFT_OPTIMIZATION_LEVEL = "-Owholemodule";
				VALIDATE_PRODUCT = YES;
			};
			name = Release;
		};
		C1C476E91F1117050005A412 /* Debug */ = {
			isa = XCBuildConfiguration;
			baseConfigurationReference = 8508077F0F22D3183A34467D /* Pods-SAIssueTracker.debug.xcconfig */;
			buildSettings = {
				ALWAYS_EMBED_SWIFT_STANDARD_LIBRARIES = YES;
				ASSETCATALOG_COMPILER_APPICON_NAME = AppIcon;
				CLANG_ENABLE_MODULES = YES;
				DEVELOPMENT_TEAM = 2E3PK56V7J;
				HEADER_SEARCH_PATHS = "$(inherited)";
				INFOPLIST_FILE = SAIssueTracker/Info.plist;
				IPHONEOS_DEPLOYMENT_TARGET = 8.1;
				LD_RUNPATH_SEARCH_PATHS = "$(inherited) @executable_path/Frameworks";
				OTHER_LDFLAGS = "$(inherited)";
				PRODUCT_BUNDLE_IDENTIFIER = SandeepAggarwal.SAIssueTracker;
				PRODUCT_NAME = "$(TARGET_NAME)";
				SWIFT_INCLUDE_PATHS = "Classes/SAIssueTracker-Bridging-Header.h";
				SWIFT_OBJC_BRIDGING_HEADER = "Classes/SAIssueTracker-Bridging-Header.h";
				SWIFT_OPTIMIZATION_LEVEL = "-Onone";
				SWIFT_VERSION = 3.0;
			};
			name = Debug;
		};
		C1C476EA1F1117050005A412 /* Release */ = {
			isa = XCBuildConfiguration;
			baseConfigurationReference = B645C371DCB1D5D1220C83C3 /* Pods-SAIssueTracker.release.xcconfig */;
			buildSettings = {
				ALWAYS_EMBED_SWIFT_STANDARD_LIBRARIES = YES;
				ASSETCATALOG_COMPILER_APPICON_NAME = AppIcon;
				CLANG_ENABLE_MODULES = YES;
				DEVELOPMENT_TEAM = 2E3PK56V7J;
				HEADER_SEARCH_PATHS = "$(inherited)";
				INFOPLIST_FILE = SAIssueTracker/Info.plist;
				IPHONEOS_DEPLOYMENT_TARGET = 8.1;
				LD_RUNPATH_SEARCH_PATHS = "$(inherited) @executable_path/Frameworks";
				OTHER_LDFLAGS = "$(inherited)";
				PRODUCT_BUNDLE_IDENTIFIER = SandeepAggarwal.SAIssueTracker;
				PRODUCT_NAME = "$(TARGET_NAME)";
				SWIFT_INCLUDE_PATHS = "Classes/SAIssueTracker-Bridging-Header.h";
				SWIFT_OBJC_BRIDGING_HEADER = "Classes/SAIssueTracker-Bridging-Header.h";
				SWIFT_VERSION = 3.0;
			};
			name = Release;
		};
		C1C476EC1F1117050005A412 /* Debug */ = {
			isa = XCBuildConfiguration;
			baseConfigurationReference = 07E18A9F7EB5F9671C9C07F4 /* Pods-SAIssueTrackerTests.debug.xcconfig */;
			buildSettings = {
				ALWAYS_EMBED_SWIFT_STANDARD_LIBRARIES = YES;
				BUNDLE_LOADER = "$(TEST_HOST)";
				DEVELOPMENT_TEAM = L4XJFYDD5W;
				INFOPLIST_FILE = SAIssueTrackerTests/Info.plist;
				LD_RUNPATH_SEARCH_PATHS = "$(inherited) @executable_path/Frameworks @loader_path/Frameworks";
				PRODUCT_BUNDLE_IDENTIFIER = SandeepAggarwal.SAIssueTrackerTests;
				PRODUCT_NAME = "$(TARGET_NAME)";
				SWIFT_VERSION = 3.0;
				TEST_HOST = "$(BUILT_PRODUCTS_DIR)/SAIssueTracker.app/SAIssueTracker";
			};
			name = Debug;
		};
		C1C476ED1F1117050005A412 /* Release */ = {
			isa = XCBuildConfiguration;
			baseConfigurationReference = 49714F81D48911A47C884BB8 /* Pods-SAIssueTrackerTests.release.xcconfig */;
			buildSettings = {
				ALWAYS_EMBED_SWIFT_STANDARD_LIBRARIES = YES;
				BUNDLE_LOADER = "$(TEST_HOST)";
				DEVELOPMENT_TEAM = L4XJFYDD5W;
				INFOPLIST_FILE = SAIssueTrackerTests/Info.plist;
				LD_RUNPATH_SEARCH_PATHS = "$(inherited) @executable_path/Frameworks @loader_path/Frameworks";
				PRODUCT_BUNDLE_IDENTIFIER = SandeepAggarwal.SAIssueTrackerTests;
				PRODUCT_NAME = "$(TARGET_NAME)";
				SWIFT_VERSION = 3.0;
				TEST_HOST = "$(BUILT_PRODUCTS_DIR)/SAIssueTracker.app/SAIssueTracker";
			};
			name = Release;
		};
/* End XCBuildConfiguration section */

/* Begin XCConfigurationList section */
		C1C476C61F1117040005A412 /* Build configuration list for PBXProject "SAIssueTracker" */ = {
			isa = XCConfigurationList;
			buildConfigurations = (
				C1C476E61F1117050005A412 /* Debug */,
				C1C476E71F1117050005A412 /* Release */,
			);
			defaultConfigurationIsVisible = 0;
			defaultConfigurationName = Release;
		};
		C1C476E81F1117050005A412 /* Build configuration list for PBXNativeTarget "SAIssueTracker" */ = {
			isa = XCConfigurationList;
			buildConfigurations = (
				C1C476E91F1117050005A412 /* Debug */,
				C1C476EA1F1117050005A412 /* Release */,
			);
			defaultConfigurationIsVisible = 0;
			defaultConfigurationName = Release;
		};
		C1C476EB1F1117050005A412 /* Build configuration list for PBXNativeTarget "SAIssueTrackerTests" */ = {
			isa = XCConfigurationList;
			buildConfigurations = (
				C1C476EC1F1117050005A412 /* Debug */,
				C1C476ED1F1117050005A412 /* Release */,
			);
			defaultConfigurationIsVisible = 0;
			defaultConfigurationName = Release;
		};
/* End XCConfigurationList section */
	};
	rootObject = C1C476C31F1117040005A412 /* Project object */;
}
